
Microsoft Visual Studio Solution File, Format Version 12.00
# Visual Studio Version 16
VisualStudioVersion = 16.0.30907.101
MinimumVisualStudioVersion = 10.0.40219.1
Project("{8BC9CEB8-8B4A-11D0-8D11-00A0C91BC942}") = "lesson-6", "lesson-6\lesson-6.vcxproj", "{EF20DFAF-2DE0-496C-8FFC-08B5388EF7FB}"
EndProject
Global
	GlobalSection(SolutionConfigurationPlatforms) = preSolution
		Debug|x64 = Debug|x64
		Debug|x86 = Debug|x86
		Release|x64 = Release|x64
		Release|x86 = Release|x86
	EndGlobalSection
	GlobalSection(ProjectConfigurationPlatforms) = postSolution
		{EF20DFAF-2DE0-496C-8FFC-08B5388EF7FB}.Debug|x64.ActiveCfg = Debug|x64
		{EF20DFAF-2DE0-496C-8FFC-08B5388EF7FB}.Debug|x64.Build.0 = Debug|x64
		{EF20DFAF-2DE0-496C-8FFC-08B5388EF7FB}.Debug|x86.ActiveCfg = Debug|Win32
		{EF20DFAF-2DE0-496C-8FFC-08B5388EF7FB}.Debug|x86.Build.0 = Debug|Win32
		{EF20DFAF-2DE0-496C-8FFC-08B5388EF7FB}.Release|x64.ActiveCfg = Release|x64
		{EF20DFAF-2DE0-496C-8FFC-08B5388EF7FB}.Release|x64.Build.0 = Release|x64
		{EF20DFAF-2DE0-496C-8FFC-08B5388EF7FB}.Release|x86.ActiveCfg = Release|Win32
		{EF20DFAF-2DE0-496C-8FFC-08B5388EF7FB}.Release|x86.Build.0 = Release|Win32
	EndGlobalSection
	GlobalSection(SolutionProperties) = preSolution
		HideSolutionNode = FALSE
	EndGlobalSection
	GlobalSection(ExtensibilityGlobals) = postSolution
		SolutionGuid = {03DF570B-D28C-48D1-8536-4B9215D8B762}
	EndGlobalSection
EndGlobal
